{
  "nodes": {
    "mobile-nixos": {
      "flake": false,
      "locked": {
        "lastModified": 1783912271,
        "narHash": "sha256-CzwmiKxuh1u+H8hDnrVeUl/fL59PvsgLbr2l0FhqWK0=",
        "owner": "mobile-nixos",
        "repo": "mobile-nixos",
        "rev": "2c132754323fc1915e8d21dcfc0ef68ab084c6fb",
        "type": "github"
      },
      "original": {
        "owner": "mobile-nixos",
        "repo": "mobile-nixos",
        "rev": "2c132754323fc1915e8d21dcfc0ef68ab084c6fb",
        "type": "github"
      }
    },
    "root": {
      "inputs": {
        "mobile-nixos": "mobile-nixos",
        "sxmo-nix": "sxmo-nix"
      }
    },
    "sxmo-nix": {
      "flake": false,
      "locked": {
        "lastModified": 1670262526,
        "narHash": "sha256-Rkv5CR31ZrDxbGbOeZMyOXqPdIGKCFd2PNRJs1aiBd8=",
        "owner": "wentam",
        "repo": "sxmo-nix",
        "rev": "74129afef2e5ebc874fc3b02bbda863c8c2a0cdc",
        "type": "github"
      },
      "original": {
        "owner": "wentam",
        "repo": "sxmo-nix",
        "rev": "74129afef2e5ebc874fc3b02bbda863c8c2a0cdc",
        "type": "github"
      }
    }
  },
  "root": "root",
  "version": 7
}
