{
  "nodes": {
    "mobile-nixos": {
      "flake": false,
      "locked": {
        "lastModified": 1783912271,
        "narHash": "sha256-CzwmiKxuh1u+H8hDnrVeUl/fL59PvsgLbr2l0FhqWK0=",
        "owner": "mobile-nixos",
        "repo": "mobile-nixos",
        "rev": "2c132754323fc1915e8d21dcfc0ef68ab084c6fb",
        "type": "github"
      },
      "original": {
        "owner": "mobile-nixos",
        "repo": "mobile-nixos",
        "rev": "2c132754323fc1915e8d21dcfc0ef68ab084c6fb",
        "type": "github"
      }
    },
    "root": {
      "inputs": {
        "mobile-nixos": "mobile-nixos"
      }
    }
  },
  "root": "root",
  "version": 7
}
