{
  "nodes": {
    "black-terminal": {
      "locked": {
        "lastModified": 1784916463,
        "narHash": "sha256-sFzd0x/StYQaScU8I08jGGVahS7UV/CUzPrajabi2jI=",
        "owner": "luisnquin",
        "repo": "black-terminal",
        "rev": "8f5e97bbfbe96cf9c4ef6736b17fd4b42f7b0100",
        "type": "github"
      },
      "original": {
        "owner": "luisnquin",
        "repo": "black-terminal",
        "rev": "8f5e97bbfbe96cf9c4ef6736b17fd4b42f7b0100",
        "type": "github"
      }
    },
    "home-manager": {
      "inputs": {
        "nixpkgs": "nixpkgs"
      },
      "locked": {
        "lastModified": 1785531816,
        "narHash": "sha256-vkMnV0JIyw+g/NmcfoajlGaAO+9a0ezia+FZohQJrik=",
        "owner": "nix-community",
        "repo": "home-manager",
        "rev": "bf9ce9fec78f95f374e8dd3b503863a3ec128ebe",
        "type": "github"
      },
      "original": {
        "owner": "nix-community",
        "repo": "home-manager",
        "rev": "bf9ce9fec78f95f374e8dd3b503863a3ec128ebe",
        "type": "github"
      }
    },
    "mobile-nixos": {
      "flake": false,
      "locked": {
        "lastModified": 1783912271,
        "narHash": "sha256-CzwmiKxuh1u+H8hDnrVeUl/fL59PvsgLbr2l0FhqWK0=",
        "owner": "mobile-nixos",
        "repo": "mobile-nixos",
        "rev": "2c132754323fc1915e8d21dcfc0ef68ab084c6fb",
        "type": "github"
      },
      "original": {
        "owner": "mobile-nixos",
        "repo": "mobile-nixos",
        "rev": "2c132754323fc1915e8d21dcfc0ef68ab084c6fb",
        "type": "github"
      }
    },
    "nixpkgs": {
      "locked": {
        "lastModified": 1785141334,
        "narHash": "sha256-kh35kIx7el4Jk8Ki3BH9/Pn1eZYSYLJ6LMALos0zOy0=",
        "owner": "NixOS",
        "repo": "nixpkgs",
        "rev": "38a4887411571457d700c51c64a6e49ead2ed5ab",
        "type": "github"
      },
      "original": {
        "owner": "NixOS",
        "ref": "nixpkgs-unstable",
        "repo": "nixpkgs",
        "type": "github"
      }
    },
    "root": {
      "inputs": {
        "black-terminal": "black-terminal",
        "home-manager": "home-manager",
        "mobile-nixos": "mobile-nixos",
        "sxmo-nix": "sxmo-nix"
      }
    },
    "sxmo-nix": {
      "flake": false,
      "locked": {
        "lastModified": 1670262526,
        "narHash": "sha256-Rkv5CR31ZrDxbGbOeZMyOXqPdIGKCFd2PNRJs1aiBd8=",
        "owner": "wentam",
        "repo": "sxmo-nix",
        "rev": "74129afef2e5ebc874fc3b02bbda863c8c2a0cdc",
        "type": "github"
      },
      "original": {
        "owner": "wentam",
        "repo": "sxmo-nix",
        "rev": "74129afef2e5ebc874fc3b02bbda863c8c2a0cdc",
        "type": "github"
      }
    }
  },
  "root": "root",
  "version": 7
}
